
Microsoft Visual Studio Solution File, Format Version 12.00
# Visual Studio Version 17
VisualStudioVersion = 17.1.32319.34
MinimumVisualStudioVersion = 10.0.40219.1
Project("{FAE04EC0-301F-11D3-BF4B-00C04F79EFBC}") = "Sapper", "Sapper\Sapper.csproj", "{F9CB5D9A-7667-4DB2-92A2-A72EE0F9D078}"
EndProject
Project("{FAE04EC0-301F-11D3-BF4B-00C04F79EFBC}") = "SapperConsoleApp", "SapperConsoleApp\SapperConsoleApp.csproj", "{16A3A194-54BB-46C8-98CA-5976218879BA}"
EndProject
Global
	GlobalSection(SolutionConfigurationPlatforms) = preSolution
		Debug|Any CPU = Debug|Any CPU
		Release|Any CPU = Release|Any CPU
	EndGlobalSection
	GlobalSection(ProjectConfigurationPlatforms) = postSolution
		{F9CB5D9A-7667-4DB2-92A2-A72EE0F9D078}.Debug|Any CPU.ActiveCfg = Debug|Any CPU
		{F9CB5D9A-7667-4DB2-92A2-A72EE0F9D078}.Debug|Any CPU.Build.0 = Debug|Any CPU
		{F9CB5D9A-7667-4DB2-92A2-A72EE0F9D078}.Release|Any CPU.ActiveCfg = Release|Any CPU
		{F9CB5D9A-7667-4DB2-92A2-A72EE0F9D078}.Release|Any CPU.Build.0 = Release|Any CPU
		{16A3A194-54BB-46C8-98CA-5976218879BA}.Debug|Any CPU.ActiveCfg = Debug|Any CPU
		{16A3A194-54BB-46C8-98CA-5976218879BA}.Debug|Any CPU.Build.0 = Debug|Any CPU
		{16A3A194-54BB-46C8-98CA-5976218879BA}.Release|Any CPU.ActiveCfg = Release|Any CPU
		{16A3A194-54BB-46C8-98CA-5976218879BA}.Release|Any CPU.Build.0 = Release|Any CPU
	EndGlobalSection
	GlobalSection(SolutionProperties) = preSolution
		HideSolutionNode = FALSE
	EndGlobalSection
	GlobalSection(ExtensibilityGlobals) = postSolution
		SolutionGuid = {71EFCF0C-71D7-4782-9506-C4A648526613}
	EndGlobalSection
EndGlobal
